{
	"name": "@leosingleton/fim-browser",
	"version": "2.0.0-alpha",
	"lockfileVersion": 1,
	"requires": true,
	"dependencies": {
		"@leosingleton/commonlibs": {
			"version": "1.5.1-alpha",
			"resolved": "https://registry.npmjs.org/@leosingleton/commonlibs/-/commonlibs-1.5.1-alpha.tgz",
			"integrity": "sha512-gmaDy5eg2ktuS1RNpUy6RUsV/VQ3lH5YdvAYX/HW101u6+6w6GYBoArdzHIsioSR/Jsl+LRTAXfeflMeUCnXTA=="
		}
	}
}
